
Microsoft Visual Studio Solution File, Format Version 12.00
# Visual Studio Version 17
VisualStudioVersion = 17.12.35728.132
MinimumVisualStudioVersion = 10.0.40219.1
Project("{54A90642-561A-4BB1-A94E-469ADEE60C69}") = "Webflow", "Webflow.esproj", "{E9EA9E3B-CFEB-4746-A5A0-B6005AEBBDDA}"
EndProject
Global
	GlobalSection(SolutionConfigurationPlatforms) = preSolution
		Debug|Any CPU = Debug|Any CPU
		Release|Any CPU = Release|Any CPU
	EndGlobalSection
	GlobalSection(ProjectConfigurationPlatforms) = postSolution
		{E9EA9E3B-CFEB-4746-A5A0-B6005AEBBDDA}.Debug|Any CPU.ActiveCfg = Debug|Any CPU
		{E9EA9E3B-CFEB-4746-A5A0-B6005AEBBDDA}.Debug|Any CPU.Build.0 = Debug|Any CPU
		{E9EA9E3B-CFEB-4746-A5A0-B6005AEBBDDA}.Debug|Any CPU.Deploy.0 = Debug|Any CPU
		{E9EA9E3B-CFEB-4746-A5A0-B6005AEBBDDA}.Release|Any CPU.ActiveCfg = Release|Any CPU
		{E9EA9E3B-CFEB-4746-A5A0-B6005AEBBDDA}.Release|Any CPU.Build.0 = Release|Any CPU
		{E9EA9E3B-CFEB-4746-A5A0-B6005AEBBDDA}.Release|Any CPU.Deploy.0 = Release|Any CPU
	EndGlobalSection
	GlobalSection(SolutionProperties) = preSolution
		HideSolutionNode = FALSE
	EndGlobalSection
EndGlobal
